
Microsoft Visual Studio Solution File, Format Version 12.00
# Visual Studio 15
Project("{FAE04EC0-301F-11D3-BF4B-00C04F79EFBC}") = "Assembly-CSharp", "Assembly-CSharp.csproj", "{6FE0EF3F-6678-E610-9CDA-48770F2D2FBD}"
EndProject
Project("{FAE04EC0-301F-11D3-BF4B-00C04F79EFBC}") = "Assembly-CSharp-Editor", "Assembly-CSharp-Editor.csproj", "{3F4B7880-48B9-2372-1BBD-73C25FCB371E}"
EndProject
Global
	GlobalSection(SolutionConfigurationPlatforms) = preSolution
		Debug|Any CPU = Debug|Any CPU
		Release|Any CPU = Release|Any CPU
	EndGlobalSection
	GlobalSection(ProjectConfigurationPlatforms) = postSolution
		{6FE0EF3F-6678-E610-9CDA-48770F2D2FBD}.Debug|Any CPU.ActiveCfg = Debug|Any CPU
		{6FE0EF3F-6678-E610-9CDA-48770F2D2FBD}.Debug|Any CPU.Build.0 = Debug|Any CPU
		{6FE0EF3F-6678-E610-9CDA-48770F2D2FBD}.Release|Any CPU.ActiveCfg = Release|Any CPU
		{6FE0EF3F-6678-E610-9CDA-48770F2D2FBD}.Release|Any CPU.Build.0 = Release|Any CPU
		{3F4B7880-48B9-2372-1BBD-73C25FCB371E}.Debug|Any CPU.ActiveCfg = Debug|Any CPU
		{3F4B7880-48B9-2372-1BBD-73C25FCB371E}.Debug|Any CPU.Build.0 = Debug|Any CPU
		{3F4B7880-48B9-2372-1BBD-73C25FCB371E}.Release|Any CPU.ActiveCfg = Release|Any CPU
		{3F4B7880-48B9-2372-1BBD-73C25FCB371E}.Release|Any CPU.Build.0 = Release|Any CPU
	EndGlobalSection
	GlobalSection(SolutionProperties) = preSolution
		HideSolutionNode = FALSE
	EndGlobalSection
EndGlobal
